{
    "name": "firebase-verifier",
    "lockfileVersion": 2,
    "requires": true,
    "packages": {
        "": {
            "name": "firebase-verifier",
            "devDependencies": {
                "@types/express": "^4.17.17",
                "esbuild": "^0.17.12",
                "http-status-codes": "^2.2.0",
                "jose": "^4.13.1",
                "node-fetch": "^3.3.1"
            }
        },
        "node_modules/@esbuild/android-arm": {
            "version": "0.17.12",
            "resolved": "https://registry.npmjs.org/@esbuild/android-arm/-/android-arm-0.17.12.tgz",
            "integrity": "sha512-E/sgkvwoIfj4aMAPL2e35VnUJspzVYl7+M1B2cqeubdBhADV4uPon0KCc8p2G+LqSJ6i8ocYPCqY3A4GGq0zkQ==",
            "cpu": [
                "arm"
            ],
            "dev": true,
            "optional": true,
            "os": [
                "android"
            ],
            "engines": {
                "node": ">=12"
            }
        },
        "node_modules/@esbuild/android-arm64": {
            "version": "0.17.12",
            "resolved": "https://registry.npmjs.org/@esbuild/android-arm64/-/android-arm64-0.17.12.tgz",
            "integrity": "sha512-WQ9p5oiXXYJ33F2EkE3r0FRDFVpEdcDiwNX3u7Xaibxfx6vQE0Sb8ytrfQsA5WO6kDn6mDfKLh6KrPBjvkk7xA==",
            "cpu": [
                "arm64"
            ],
            "dev": true,
            "optional": true,
            "os": [
                "android"
            ],
            "engines": {
                "node": ">=12"
            }
        },
        "node_modules/@esbuild/android-x64": {
            "version": "0.17.12",
            "resolved": "https://registry.npmjs.org/@esbuild/android-x64/-/android-x64-0.17.12.tgz",
            "integrity": "sha512-m4OsaCr5gT+se25rFPHKQXARMyAehHTQAz4XX1Vk3d27VtqiX0ALMBPoXZsGaB6JYryCLfgGwUslMqTfqeLU0w==",
            "cpu": [
                "x64"
            ],
            "dev": true,
            "optional": true,
            "os": [
                "android"
            ],
            "engines": {
                "node": ">=12"
            }
        },
        "node_modules/@esbuild/darwin-arm64": {
            "version": "0.17.12",
            "resolved": "https://registry.npmjs.org/@esbuild/darwin-arm64/-/darwin-arm64-0.17.12.tgz",
            "integrity": "sha512-O3GCZghRIx+RAN0NDPhyyhRgwa19MoKlzGonIb5hgTj78krqp9XZbYCvFr9N1eUxg0ZQEpiiZ4QvsOQwBpP+lg==",
            "cpu": [
                "arm64"
            ],
            "dev": true,
            "optional": true,
            "os": [
                "darwin"
            ],
            "engines": {
                "node": ">=12"
            }
        },
        "node_modules/@esbuild/darwin-x64": {
            "version": "0.17.12",
            "resolved": "https://registry.npmjs.org/@esbuild/darwin-x64/-/darwin-x64-0.17.12.tgz",
            "integrity": "sha512-5D48jM3tW27h1qjaD9UNRuN+4v0zvksqZSPZqeSWggfMlsVdAhH3pwSfQIFJwcs9QJ9BRibPS4ViZgs3d2wsCA==",
            "cpu": [
                "x64"
            ],
            "dev": true,
            "optional": true,
            "os": [
                "darwin"
            ],
            "engines": {
                "node": ">=12"
            }
        },
        "node_modules/@esbuild/freebsd-arm64": {
            "version": "0.17.12",
            "resolved": "https://registry.npmjs.org/@esbuild/freebsd-arm64/-/freebsd-arm64-0.17.12.tgz",
            "integrity": "sha512-OWvHzmLNTdF1erSvrfoEBGlN94IE6vCEaGEkEH29uo/VoONqPnoDFfShi41Ew+yKimx4vrmmAJEGNoyyP+OgOQ==",
            "cpu": [
                "arm64"
            ],
            "dev": true,
            "optional": true,
            "os": [
                "freebsd"
            ],
            "engines": {
                "node": ">=12"
            }
        },
        "node_modules/@esbuild/freebsd-x64": {
            "version": "0.17.12",
            "resolved": "https://registry.npmjs.org/@esbuild/freebsd-x64/-/freebsd-x64-0.17.12.tgz",
            "integrity": "sha512-A0Xg5CZv8MU9xh4a+7NUpi5VHBKh1RaGJKqjxe4KG87X+mTjDE6ZvlJqpWoeJxgfXHT7IMP9tDFu7IZ03OtJAw==",
            "cpu": [
                "x64"
            ],
            "dev": true,
            "optional": true,
            "os": [
                "freebsd"
            ],
            "engines": {
                "node": ">=12"
            }
        },
        "node_modules/@esbuild/linux-arm": {
            "version": "0.17.12",
            "resolved": "https://registry.npmjs.org/@esbuild/linux-arm/-/linux-arm-0.17.12.tgz",
            "integrity": "sha512-WsHyJ7b7vzHdJ1fv67Yf++2dz3D726oO3QCu8iNYik4fb5YuuReOI9OtA+n7Mk0xyQivNTPbl181s+5oZ38gyA==",
            "cpu": [
                "arm"
            ],
            "dev": true,
            "optional": true,
            "os": [
                "linux"
            ],
            "engines": {
                "node": ">=12"
            }
        },
        "node_modules/@esbuild/linux-arm64": {
            "version": "0.17.12",
            "resolved": "https://registry.npmjs.org/@esbuild/linux-arm64/-/linux-arm64-0.17.12.tgz",
            "integrity": "sha512-cK3AjkEc+8v8YG02hYLQIQlOznW+v9N+OI9BAFuyqkfQFR+DnDLhEM5N8QRxAUz99cJTo1rLNXqRrvY15gbQUg==",
            "cpu": [
                "arm64"
            ],
            "dev": true,
            "optional": true,
            "os": [
                "linux"
            ],
            "engines": {
                "node": ">=12"
            }
        },
        "node_modules/@esbuild/linux-ia32": {
            "version": "0.17.12",
            "resolved": "https://registry.npmjs.org/@esbuild/linux-ia32/-/linux-ia32-0.17.12.tgz",
            "integrity": "sha512-jdOBXJqcgHlah/nYHnj3Hrnl9l63RjtQ4vn9+bohjQPI2QafASB5MtHAoEv0JQHVb/xYQTFOeuHnNYE1zF7tYw==",
            "cpu": [
                "ia32"
            ],
            "dev": true,
            "optional": true,
            "os": [
                "linux"
            ],
            "engines": {
                "node": ">=12"
            }
        },
        "node_modules/@esbuild/linux-loong64": {
            "version": "0.17.12",
            "resolved": "https://registry.npmjs.org/@esbuild/linux-loong64/-/linux-loong64-0.17.12.tgz",
            "integrity": "sha512-GTOEtj8h9qPKXCyiBBnHconSCV9LwFyx/gv3Phw0pa25qPYjVuuGZ4Dk14bGCfGX3qKF0+ceeQvwmtI+aYBbVA==",
            "cpu": [
                "loong64"
            ],
            "dev": true,
            "optional": true,
            "os": [
                "linux"
            ],
            "engines": {
                "node": ">=12"
            }
        },
        "node_modules/@esbuild/linux-mips64el": {
            "version": "0.17.12",
            "resolved": "https://registry.npmjs.org/@esbuild/linux-mips64el/-/linux-mips64el-0.17.12.tgz",
            "integrity": "sha512-o8CIhfBwKcxmEENOH9RwmUejs5jFiNoDw7YgS0EJTF6kgPgcqLFjgoc5kDey5cMHRVCIWc6kK2ShUePOcc7RbA==",
            "cpu": [
                "mips64el"
            ],
            "dev": true,
            "optional": true,
            "os": [
                "linux"
            ],
            "engines": {
                "node": ">=12"
            }
        },
        "node_modules/@esbuild/linux-ppc64": {
            "version": "0.17.12",
            "resolved": "https://registry.npmjs.org/@esbuild/linux-ppc64/-/linux-ppc64-0.17.12.tgz",
            "integrity": "sha512-biMLH6NR/GR4z+ap0oJYb877LdBpGac8KfZoEnDiBKd7MD/xt8eaw1SFfYRUeMVx519kVkAOL2GExdFmYnZx3A==",
            "cpu": [
                "ppc64"
            ],
            "dev": true,
            "optional": true,
            "os": [
                "linux"
            ],
            "engines": {
                "node": ">=12"
            }
        },
        "node_modules/@esbuild/linux-riscv64": {
            "version": "0.17.12",
            "resolved": "https://registry.npmjs.org/@esbuild/linux-riscv64/-/linux-riscv64-0.17.12.tgz",
            "integrity": "sha512-jkphYUiO38wZGeWlfIBMB72auOllNA2sLfiZPGDtOBb1ELN8lmqBrlMiucgL8awBw1zBXN69PmZM6g4yTX84TA==",
            "cpu": [
                "riscv64"
            ],
            "dev": true,
            "optional": true,
            "os": [
                "linux"
            ],
            "engines": {
                "node": ">=12"
            }
        },
        "node_modules/@esbuild/linux-s390x": {
            "version": "0.17.12",
            "resolved": "https://registry.npmjs.org/@esbuild/linux-s390x/-/linux-s390x-0.17.12.tgz",
            "integrity": "sha512-j3ucLdeY9HBcvODhCY4b+Ds3hWGO8t+SAidtmWu/ukfLLG/oYDMaA+dnugTVAg5fnUOGNbIYL9TOjhWgQB8W5g==",
            "cpu": [
                "s390x"
            ],
            "dev": true,
            "optional": true,
            "os": [
                "linux"
            ],
            "engines": {
                "node": ">=12"
            }
        },
        "node_modules/@esbuild/linux-x64": {
            "version": "0.17.12",
            "resolved": "https://registry.npmjs.org/@esbuild/linux-x64/-/linux-x64-0.17.12.tgz",
            "integrity": "sha512-uo5JL3cgaEGotaqSaJdRfFNSCUJOIliKLnDGWaVCgIKkHxwhYMm95pfMbWZ9l7GeW9kDg0tSxcy9NYdEtjwwmA==",
            "cpu": [
                "x64"
            ],
            "dev": true,
            "optional": true,
            "os": [
                "linux"
            ],
            "engines": {
                "node": ">=12"
            }
        },
        "node_modules/@esbuild/netbsd-x64": {
            "version": "0.17.12",
            "resolved": "https://registry.npmjs.org/@esbuild/netbsd-x64/-/netbsd-x64-0.17.12.tgz",
            "integrity": "sha512-DNdoRg8JX+gGsbqt2gPgkgb00mqOgOO27KnrWZtdABl6yWTST30aibGJ6geBq3WM2TIeW6COs5AScnC7GwtGPg==",
            "cpu": [
                "x64"
            ],
            "dev": true,
            "optional": true,
            "os": [
                "netbsd"
            ],
            "engines": {
                "node": ">=12"
            }
        },
        "node_modules/@esbuild/openbsd-x64": {
            "version": "0.17.12",
            "resolved": "https://registry.npmjs.org/@esbuild/openbsd-x64/-/openbsd-x64-0.17.12.tgz",
            "integrity": "sha512-aVsENlr7B64w8I1lhHShND5o8cW6sB9n9MUtLumFlPhG3elhNWtE7M1TFpj3m7lT3sKQUMkGFjTQBrvDDO1YWA==",
            "cpu": [
                "x64"
            ],
            "dev": true,
            "optional": true,
            "os": [
                "openbsd"
            ],
            "engines": {
                "node": ">=12"
            }
        },
        "node_modules/@esbuild/sunos-x64": {
            "version": "0.17.12",
            "resolved": "https://registry.npmjs.org/@esbuild/sunos-x64/-/sunos-x64-0.17.12.tgz",
            "integrity": "sha512-qbHGVQdKSwi0JQJuZznS4SyY27tYXYF0mrgthbxXrZI3AHKuRvU+Eqbg/F0rmLDpW/jkIZBlCO1XfHUBMNJ1pg==",
            "cpu": [
                "x64"
            ],
            "dev": true,
            "optional": true,
            "os": [
                "sunos"
            ],
            "engines": {
                "node": ">=12"
            }
        },
        "node_modules/@esbuild/win32-arm64": {
            "version": "0.17.12",
            "resolved": "https://registry.npmjs.org/@esbuild/win32-arm64/-/win32-arm64-0.17.12.tgz",
            "integrity": "sha512-zsCp8Ql+96xXTVTmm6ffvoTSZSV2B/LzzkUXAY33F/76EajNw1m+jZ9zPfNJlJ3Rh4EzOszNDHsmG/fZOhtqDg==",
            "cpu": [
                "arm64"
            ],
            "dev": true,
            "optional": true,
            "os": [
                "win32"
            ],
            "engines": {
                "node": ">=12"
            }
        },
        "node_modules/@esbuild/win32-ia32": {
            "version": "0.17.12",
            "resolved": "https://registry.npmjs.org/@esbuild/win32-ia32/-/win32-ia32-0.17.12.tgz",
            "integrity": "sha512-FfrFjR4id7wcFYOdqbDfDET3tjxCozUgbqdkOABsSFzoZGFC92UK7mg4JKRc/B3NNEf1s2WHxJ7VfTdVDPN3ng==",
            "cpu": [
                "ia32"
            ],
            "dev": true,
            "optional": true,
            "os": [
                "win32"
            ],
            "engines": {
                "node": ">=12"
            }
        },
        "node_modules/@esbuild/win32-x64": {
            "version": "0.17.12",
            "resolved": "https://registry.npmjs.org/@esbuild/win32-x64/-/win32-x64-0.17.12.tgz",
            "integrity": "sha512-JOOxw49BVZx2/5tW3FqkdjSD/5gXYeVGPDcB0lvap0gLQshkh1Nyel1QazC+wNxus3xPlsYAgqU1BUmrmCvWtw==",
            "cpu": [
                "x64"
            ],
            "dev": true,
            "optional": true,
            "os": [
                "win32"
            ],
            "engines": {
                "node": ">=12"
            }
        },
        "node_modules/@types/body-parser": {
            "version": "1.19.2",
            "resolved": "https://registry.npmjs.org/@types/body-parser/-/body-parser-1.19.2.tgz",
            "integrity": "sha512-ALYone6pm6QmwZoAgeyNksccT9Q4AWZQ6PvfwR37GT6r6FWUPguq6sUmNGSMV2Wr761oQoBxwGGa6DR5o1DC9g==",
            "dev": true,
            "dependencies": {
                "@types/connect": "*",
                "@types/node": "*"
            }
        },
        "node_modules/@types/connect": {
            "version": "3.4.35",
            "resolved": "https://registry.npmjs.org/@types/connect/-/connect-3.4.35.tgz",
            "integrity": "sha512-cdeYyv4KWoEgpBISTxWvqYsVy444DOqehiF3fM3ne10AmJ62RSyNkUnxMJXHQWRQQX2eR94m5y1IZyDwBjV9FQ==",
            "dev": true,
            "dependencies": {
                "@types/node": "*"
            }
        },
        "node_modules/@types/express": {
            "version": "4.17.17",
            "resolved": "https://registry.npmjs.org/@types/express/-/express-4.17.17.tgz",
            "integrity": "sha512-Q4FmmuLGBG58btUnfS1c1r/NQdlp3DMfGDGig8WhfpA2YRUtEkxAjkZb0yvplJGYdF1fsQ81iMDcH24sSCNC/Q==",
            "dev": true,
            "dependencies": {
                "@types/body-parser": "*",
                "@types/express-serve-static-core": "^4.17.33",
                "@types/qs": "*",
                "@types/serve-static": "*"
            }
        },
        "node_modules/@types/express-serve-static-core": {
            "version": "4.17.33",
            "resolved": "https://registry.npmjs.org/@types/express-serve-static-core/-/express-serve-static-core-4.17.33.tgz",
            "integrity": "sha512-TPBqmR/HRYI3eC2E5hmiivIzv+bidAfXofM+sbonAGvyDhySGw9/PQZFt2BLOrjUUR++4eJVpx6KnLQK1Fk9tA==",
            "dev": true,
            "dependencies": {
                "@types/node": "*",
                "@types/qs": "*",
                "@types/range-parser": "*"
            }
        },
        "node_modules/@types/mime": {
            "version": "3.0.1",
            "resolved": "https://registry.npmjs.org/@types/mime/-/mime-3.0.1.tgz",
            "integrity": "sha512-Y4XFY5VJAuw0FgAqPNd6NNoV44jbq9Bz2L7Rh/J6jLTiHBSBJa9fxqQIvkIld4GsoDOcCbvzOUAbLPsSKKg+uA==",
            "dev": true
        },
        "node_modules/@types/node": {
            "version": "18.15.5",
            "resolved": "https://registry.npmjs.org/@types/node/-/node-18.15.5.tgz",
            "integrity": "sha512-Ark2WDjjZO7GmvsyFFf81MXuGTA/d6oP38anyxWOL6EREyBKAxKoFHwBhaZxCfLRLpO8JgVXwqOwSwa7jRcjew==",
            "dev": true
        },
        "node_modules/@types/qs": {
            "version": "6.9.7",
            "resolved": "https://registry.npmjs.org/@types/qs/-/qs-6.9.7.tgz",
            "integrity": "sha512-FGa1F62FT09qcrueBA6qYTrJPVDzah9a+493+o2PCXsesWHIn27G98TsSMs3WPNbZIEj4+VJf6saSFpvD+3Zsw==",
            "dev": true
        },
        "node_modules/@types/range-parser": {
            "version": "1.2.4",
            "resolved": "https://registry.npmjs.org/@types/range-parser/-/range-parser-1.2.4.tgz",
            "integrity": "sha512-EEhsLsD6UsDM1yFhAvy0Cjr6VwmpMWqFBCb9w07wVugF7w9nfajxLuVmngTIpgS6svCnm6Vaw+MZhoDCKnOfsw==",
            "dev": true
        },
        "node_modules/@types/serve-static": {
            "version": "1.15.1",
            "resolved": "https://registry.npmjs.org/@types/serve-static/-/serve-static-1.15.1.tgz",
            "integrity": "sha512-NUo5XNiAdULrJENtJXZZ3fHtfMolzZwczzBbnAeBbqBwG+LaG6YaJtuwzwGSQZ2wsCrxjEhNNjAkKigy3n8teQ==",
            "dev": true,
            "dependencies": {
                "@types/mime": "*",
                "@types/node": "*"
            }
        },
        "node_modules/data-uri-to-buffer": {
            "version": "4.0.1",
            "resolved": "https://registry.npmjs.org/data-uri-to-buffer/-/data-uri-to-buffer-4.0.1.tgz",
            "integrity": "sha512-0R9ikRb668HB7QDxT1vkpuUBtqc53YyAwMwGeUFKRojY/NWKvdZ+9UYtRfGmhqNbRkTSVpMbmyhXipFFv2cb/A==",
            "dev": true,
            "engines": {
                "node": ">= 12"
            }
        },
        "node_modules/esbuild": {
            "version": "0.17.12",
            "resolved": "https://registry.npmjs.org/esbuild/-/esbuild-0.17.12.tgz",
            "integrity": "sha512-bX/zHl7Gn2CpQwcMtRogTTBf9l1nl+H6R8nUbjk+RuKqAE3+8FDulLA+pHvX7aA7Xe07Iwa+CWvy9I8Y2qqPKQ==",
            "dev": true,
            "hasInstallScript": true,
            "bin": {
                "esbuild": "bin/esbuild"
            },
            "engines": {
                "node": ">=12"
            },
            "optionalDependencies": {
                "@esbuild/android-arm": "0.17.12",
                "@esbuild/android-arm64": "0.17.12",
                "@esbuild/android-x64": "0.17.12",
                "@esbuild/darwin-arm64": "0.17.12",
                "@esbuild/darwin-x64": "0.17.12",
                "@esbuild/freebsd-arm64": "0.17.12",
                "@esbuild/freebsd-x64": "0.17.12",
                "@esbuild/linux-arm": "0.17.12",
                "@esbuild/linux-arm64": "0.17.12",
                "@esbuild/linux-ia32": "0.17.12",
                "@esbuild/linux-loong64": "0.17.12",
                "@esbuild/linux-mips64el": "0.17.12",
                "@esbuild/linux-ppc64": "0.17.12",
                "@esbuild/linux-riscv64": "0.17.12",
                "@esbuild/linux-s390x": "0.17.12",
                "@esbuild/linux-x64": "0.17.12",
                "@esbuild/netbsd-x64": "0.17.12",
                "@esbuild/openbsd-x64": "0.17.12",
                "@esbuild/sunos-x64": "0.17.12",
                "@esbuild/win32-arm64": "0.17.12",
                "@esbuild/win32-ia32": "0.17.12",
                "@esbuild/win32-x64": "0.17.12"
            }
        },
        "node_modules/fetch-blob": {
            "version": "3.2.0",
            "resolved": "https://registry.npmjs.org/fetch-blob/-/fetch-blob-3.2.0.tgz",
            "integrity": "sha512-7yAQpD2UMJzLi1Dqv7qFYnPbaPx7ZfFK6PiIxQ4PfkGPyNyl2Ugx+a/umUonmKqjhM4DnfbMvdX6otXq83soQQ==",
            "dev": true,
            "funding": [
                {
                    "type": "github",
                    "url": "https://github.com/sponsors/jimmywarting"
                },
                {
                    "type": "paypal",
                    "url": "https://paypal.me/jimmywarting"
                }
            ],
            "dependencies": {
                "node-domexception": "^1.0.0",
                "web-streams-polyfill": "^3.0.3"
            },
            "engines": {
                "node": "^12.20 || >= 14.13"
            }
        },
        "node_modules/formdata-polyfill": {
            "version": "4.0.10",
            "resolved": "https://registry.npmjs.org/formdata-polyfill/-/formdata-polyfill-4.0.10.tgz",
            "integrity": "sha512-buewHzMvYL29jdeQTVILecSaZKnt/RJWjoZCF5OW60Z67/GmSLBkOFM7qh1PI3zFNtJbaZL5eQu1vLfazOwj4g==",
            "dev": true,
            "dependencies": {
                "fetch-blob": "^3.1.2"
            },
            "engines": {
                "node": ">=12.20.0"
            }
        },
        "node_modules/http-status-codes": {
            "version": "2.2.0",
            "resolved": "https://registry.npmjs.org/http-status-codes/-/http-status-codes-2.2.0.tgz",
            "integrity": "sha512-feERVo9iWxvnejp3SEfm/+oNG517npqL2/PIA8ORjyOZjGC7TwCRQsZylciLS64i6pJ0wRYz3rkXLRwbtFa8Ng==",
            "dev": true
        },
        "node_modules/jose": {
            "version": "4.13.1",
            "resolved": "https://registry.npmjs.org/jose/-/jose-4.13.1.tgz",
            "integrity": "sha512-MSJQC5vXco5Br38mzaQKiq9mwt7lwj2eXpgpRyQYNHYt2lq1PjkWa7DLXX0WVcQLE9HhMh3jPiufS7fhJf+CLQ==",
            "dev": true,
            "funding": {
                "url": "https://github.com/sponsors/panva"
            }
        },
        "node_modules/node-domexception": {
            "version": "1.0.0",
            "resolved": "https://registry.npmjs.org/node-domexception/-/node-domexception-1.0.0.tgz",
            "integrity": "sha512-/jKZoMpw0F8GRwl4/eLROPA3cfcXtLApP0QzLmUT/HuPCZWyB7IY9ZrMeKw2O/nFIqPQB3PVM9aYm0F312AXDQ==",
            "dev": true,
            "funding": [
                {
                    "type": "github",
                    "url": "https://github.com/sponsors/jimmywarting"
                },
                {
                    "type": "github",
                    "url": "https://paypal.me/jimmywarting"
                }
            ],
            "engines": {
                "node": ">=10.5.0"
            }
        },
        "node_modules/node-fetch": {
            "version": "3.3.1",
            "resolved": "https://registry.npmjs.org/node-fetch/-/node-fetch-3.3.1.tgz",
            "integrity": "sha512-cRVc/kyto/7E5shrWca1Wsea4y6tL9iYJE5FBCius3JQfb/4P4I295PfhgbJQBLTx6lATE4z+wK0rPM4VS2uow==",
            "dev": true,
            "dependencies": {
                "data-uri-to-buffer": "^4.0.0",
                "fetch-blob": "^3.1.4",
                "formdata-polyfill": "^4.0.10"
            },
            "engines": {
                "node": "^12.20.0 || ^14.13.1 || >=16.0.0"
            },
            "funding": {
                "type": "opencollective",
                "url": "https://opencollective.com/node-fetch"
            }
        },
        "node_modules/web-streams-polyfill": {
            "version": "3.2.1",
            "resolved": "https://registry.npmjs.org/web-streams-polyfill/-/web-streams-polyfill-3.2.1.tgz",
            "integrity": "sha512-e0MO3wdXWKrLbL0DgGnUV7WHVuw9OUvL4hjgnPkIeEvESk74gAITi5G606JtZPp39cd8HA9VQzCIvA49LpPN5Q==",
            "dev": true,
            "engines": {
                "node": ">= 8"
            }
        }
    },
    "dependencies": {
        "@esbuild/android-arm": {
            "version": "0.17.12",
            "resolved": "https://registry.npmjs.org/@esbuild/android-arm/-/android-arm-0.17.12.tgz",
            "integrity": "sha512-E/sgkvwoIfj4aMAPL2e35VnUJspzVYl7+M1B2cqeubdBhADV4uPon0KCc8p2G+LqSJ6i8ocYPCqY3A4GGq0zkQ==",
            "dev": true,
            "optional": true
        },
        "@esbuild/android-arm64": {
            "version": "0.17.12",
            "resolved": "https://registry.npmjs.org/@esbuild/android-arm64/-/android-arm64-0.17.12.tgz",
            "integrity": "sha512-WQ9p5oiXXYJ33F2EkE3r0FRDFVpEdcDiwNX3u7Xaibxfx6vQE0Sb8ytrfQsA5WO6kDn6mDfKLh6KrPBjvkk7xA==",
            "dev": true,
            "optional": true
        },
        "@esbuild/android-x64": {
            "version": "0.17.12",
            "resolved": "https://registry.npmjs.org/@esbuild/android-x64/-/android-x64-0.17.12.tgz",
            "integrity": "sha512-m4OsaCr5gT+se25rFPHKQXARMyAehHTQAz4XX1Vk3d27VtqiX0ALMBPoXZsGaB6JYryCLfgGwUslMqTfqeLU0w==",
            "dev": true,
            "optional": true
        },
        "@esbuild/darwin-arm64": {
            "version": "0.17.12",
            "resolved": "https://registry.npmjs.org/@esbuild/darwin-arm64/-/darwin-arm64-0.17.12.tgz",
            "integrity": "sha512-O3GCZghRIx+RAN0NDPhyyhRgwa19MoKlzGonIb5hgTj78krqp9XZbYCvFr9N1eUxg0ZQEpiiZ4QvsOQwBpP+lg==",
            "dev": true,
            "optional": true
        },
        "@esbuild/darwin-x64": {
            "version": "0.17.12",
            "resolved": "https://registry.npmjs.org/@esbuild/darwin-x64/-/darwin-x64-0.17.12.tgz",
            "integrity": "sha512-5D48jM3tW27h1qjaD9UNRuN+4v0zvksqZSPZqeSWggfMlsVdAhH3pwSfQIFJwcs9QJ9BRibPS4ViZgs3d2wsCA==",
            "dev": true,
            "optional": true
        },
        "@esbuild/freebsd-arm64": {
            "version": "0.17.12",
            "resolved": "https://registry.npmjs.org/@esbuild/freebsd-arm64/-/freebsd-arm64-0.17.12.tgz",
            "integrity": "sha512-OWvHzmLNTdF1erSvrfoEBGlN94IE6vCEaGEkEH29uo/VoONqPnoDFfShi41Ew+yKimx4vrmmAJEGNoyyP+OgOQ==",
            "dev": true,
            "optional": true
        },
        "@esbuild/freebsd-x64": {
            "version": "0.17.12",
            "resolved": "https://registry.npmjs.org/@esbuild/freebsd-x64/-/freebsd-x64-0.17.12.tgz",
            "integrity": "sha512-A0Xg5CZv8MU9xh4a+7NUpi5VHBKh1RaGJKqjxe4KG87X+mTjDE6ZvlJqpWoeJxgfXHT7IMP9tDFu7IZ03OtJAw==",
            "dev": true,
            "optional": true
        },
        "@esbuild/linux-arm": {
            "version": "0.17.12",
            "resolved": "https://registry.npmjs.org/@esbuild/linux-arm/-/linux-arm-0.17.12.tgz",
            "integrity": "sha512-WsHyJ7b7vzHdJ1fv67Yf++2dz3D726oO3QCu8iNYik4fb5YuuReOI9OtA+n7Mk0xyQivNTPbl181s+5oZ38gyA==",
            "dev": true,
            "optional": true
        },
        "@esbuild/linux-arm64": {
            "version": "0.17.12",
            "resolved": "https://registry.npmjs.org/@esbuild/linux-arm64/-/linux-arm64-0.17.12.tgz",
            "integrity": "sha512-cK3AjkEc+8v8YG02hYLQIQlOznW+v9N+OI9BAFuyqkfQFR+DnDLhEM5N8QRxAUz99cJTo1rLNXqRrvY15gbQUg==",
            "dev": true,
            "optional": true
        },
        "@esbuild/linux-ia32": {
            "version": "0.17.12",
            "resolved": "https://registry.npmjs.org/@esbuild/linux-ia32/-/linux-ia32-0.17.12.tgz",
            "integrity": "sha512-jdOBXJqcgHlah/nYHnj3Hrnl9l63RjtQ4vn9+bohjQPI2QafASB5MtHAoEv0JQHVb/xYQTFOeuHnNYE1zF7tYw==",
            "dev": true,
            "optional": true
        },
        "@esbuild/linux-loong64": {
            "version": "0.17.12",
            "resolved": "https://registry.npmjs.org/@esbuild/linux-loong64/-/linux-loong64-0.17.12.tgz",
            "integrity": "sha512-GTOEtj8h9qPKXCyiBBnHconSCV9LwFyx/gv3Phw0pa25qPYjVuuGZ4Dk14bGCfGX3qKF0+ceeQvwmtI+aYBbVA==",
            "dev": true,
            "optional": true
        },
        "@esbuild/linux-mips64el": {
            "version": "0.17.12",
            "resolved": "https://registry.npmjs.org/@esbuild/linux-mips64el/-/linux-mips64el-0.17.12.tgz",
            "integrity": "sha512-o8CIhfBwKcxmEENOH9RwmUejs5jFiNoDw7YgS0EJTF6kgPgcqLFjgoc5kDey5cMHRVCIWc6kK2ShUePOcc7RbA==",
            "dev": true,
            "optional": true
        },
        "@esbuild/linux-ppc64": {
            "version": "0.17.12",
            "resolved": "https://registry.npmjs.org/@esbuild/linux-ppc64/-/linux-ppc64-0.17.12.tgz",
            "integrity": "sha512-biMLH6NR/GR4z+ap0oJYb877LdBpGac8KfZoEnDiBKd7MD/xt8eaw1SFfYRUeMVx519kVkAOL2GExdFmYnZx3A==",
            "dev": true,
            "optional": true
        },
        "@esbuild/linux-riscv64": {
            "version": "0.17.12",
            "resolved": "https://registry.npmjs.org/@esbuild/linux-riscv64/-/linux-riscv64-0.17.12.tgz",
            "integrity": "sha512-jkphYUiO38wZGeWlfIBMB72auOllNA2sLfiZPGDtOBb1ELN8lmqBrlMiucgL8awBw1zBXN69PmZM6g4yTX84TA==",
            "dev": true,
            "optional": true
        },
        "@esbuild/linux-s390x": {
            "version": "0.17.12",
            "resolved": "https://registry.npmjs.org/@esbuild/linux-s390x/-/linux-s390x-0.17.12.tgz",
            "integrity": "sha512-j3ucLdeY9HBcvODhCY4b+Ds3hWGO8t+SAidtmWu/ukfLLG/oYDMaA+dnugTVAg5fnUOGNbIYL9TOjhWgQB8W5g==",
            "dev": true,
            "optional": true
        },
        "@esbuild/linux-x64": {
            "version": "0.17.12",
            "resolved": "https://registry.npmjs.org/@esbuild/linux-x64/-/linux-x64-0.17.12.tgz",
            "integrity": "sha512-uo5JL3cgaEGotaqSaJdRfFNSCUJOIliKLnDGWaVCgIKkHxwhYMm95pfMbWZ9l7GeW9kDg0tSxcy9NYdEtjwwmA==",
            "dev": true,
            "optional": true
        },
        "@esbuild/netbsd-x64": {
            "version": "0.17.12",
            "resolved": "https://registry.npmjs.org/@esbuild/netbsd-x64/-/netbsd-x64-0.17.12.tgz",
            "integrity": "sha512-DNdoRg8JX+gGsbqt2gPgkgb00mqOgOO27KnrWZtdABl6yWTST30aibGJ6geBq3WM2TIeW6COs5AScnC7GwtGPg==",
            "dev": true,
            "optional": true
        },
        "@esbuild/openbsd-x64": {
            "version": "0.17.12",
            "resolved": "https://registry.npmjs.org/@esbuild/openbsd-x64/-/openbsd-x64-0.17.12.tgz",
            "integrity": "sha512-aVsENlr7B64w8I1lhHShND5o8cW6sB9n9MUtLumFlPhG3elhNWtE7M1TFpj3m7lT3sKQUMkGFjTQBrvDDO1YWA==",
            "dev": true,
            "optional": true
        },
        "@esbuild/sunos-x64": {
            "version": "0.17.12",
            "resolved": "https://registry.npmjs.org/@esbuild/sunos-x64/-/sunos-x64-0.17.12.tgz",
            "integrity": "sha512-qbHGVQdKSwi0JQJuZznS4SyY27tYXYF0mrgthbxXrZI3AHKuRvU+Eqbg/F0rmLDpW/jkIZBlCO1XfHUBMNJ1pg==",
            "dev": true,
            "optional": true
        },
        "@esbuild/win32-arm64": {
            "version": "0.17.12",
            "resolved": "https://registry.npmjs.org/@esbuild/win32-arm64/-/win32-arm64-0.17.12.tgz",
            "integrity": "sha512-zsCp8Ql+96xXTVTmm6ffvoTSZSV2B/LzzkUXAY33F/76EajNw1m+jZ9zPfNJlJ3Rh4EzOszNDHsmG/fZOhtqDg==",
            "dev": true,
            "optional": true
        },
        "@esbuild/win32-ia32": {
            "version": "0.17.12",
            "resolved": "https://registry.npmjs.org/@esbuild/win32-ia32/-/win32-ia32-0.17.12.tgz",
            "integrity": "sha512-FfrFjR4id7wcFYOdqbDfDET3tjxCozUgbqdkOABsSFzoZGFC92UK7mg4JKRc/B3NNEf1s2WHxJ7VfTdVDPN3ng==",
            "dev": true,
            "optional": true
        },
        "@esbuild/win32-x64": {
            "version": "0.17.12",
            "resolved": "https://registry.npmjs.org/@esbuild/win32-x64/-/win32-x64-0.17.12.tgz",
            "integrity": "sha512-JOOxw49BVZx2/5tW3FqkdjSD/5gXYeVGPDcB0lvap0gLQshkh1Nyel1QazC+wNxus3xPlsYAgqU1BUmrmCvWtw==",
            "dev": true,
            "optional": true
        },
        "@types/body-parser": {
            "version": "1.19.2",
            "resolved": "https://registry.npmjs.org/@types/body-parser/-/body-parser-1.19.2.tgz",
            "integrity": "sha512-ALYone6pm6QmwZoAgeyNksccT9Q4AWZQ6PvfwR37GT6r6FWUPguq6sUmNGSMV2Wr761oQoBxwGGa6DR5o1DC9g==",
            "dev": true,
            "requires": {
                "@types/connect": "*",
                "@types/node": "*"
            }
        },
        "@types/connect": {
            "version": "3.4.35",
            "resolved": "https://registry.npmjs.org/@types/connect/-/connect-3.4.35.tgz",
            "integrity": "sha512-cdeYyv4KWoEgpBISTxWvqYsVy444DOqehiF3fM3ne10AmJ62RSyNkUnxMJXHQWRQQX2eR94m5y1IZyDwBjV9FQ==",
            "dev": true,
            "requires": {
                "@types/node": "*"
            }
        },
        "@types/express": {
            "version": "4.17.17",
            "resolved": "https://registry.npmjs.org/@types/express/-/express-4.17.17.tgz",
            "integrity": "sha512-Q4FmmuLGBG58btUnfS1c1r/NQdlp3DMfGDGig8WhfpA2YRUtEkxAjkZb0yvplJGYdF1fsQ81iMDcH24sSCNC/Q==",
            "dev": true,
            "requires": {
                "@types/body-parser": "*",
                "@types/express-serve-static-core": "^4.17.33",
                "@types/qs": "*",
                "@types/serve-static": "*"
            }
        },
        "@types/express-serve-static-core": {
            "version": "4.17.33",
            "resolved": "https://registry.npmjs.org/@types/express-serve-static-core/-/express-serve-static-core-4.17.33.tgz",
            "integrity": "sha512-TPBqmR/HRYI3eC2E5hmiivIzv+bidAfXofM+sbonAGvyDhySGw9/PQZFt2BLOrjUUR++4eJVpx6KnLQK1Fk9tA==",
            "dev": true,
            "requires": {
                "@types/node": "*",
                "@types/qs": "*",
                "@types/range-parser": "*"
            }
        },
        "@types/mime": {
            "version": "3.0.1",
            "resolved": "https://registry.npmjs.org/@types/mime/-/mime-3.0.1.tgz",
            "integrity": "sha512-Y4XFY5VJAuw0FgAqPNd6NNoV44jbq9Bz2L7Rh/J6jLTiHBSBJa9fxqQIvkIld4GsoDOcCbvzOUAbLPsSKKg+uA==",
            "dev": true
        },
        "@types/node": {
            "version": "18.15.5",
            "resolved": "https://registry.npmjs.org/@types/node/-/node-18.15.5.tgz",
            "integrity": "sha512-Ark2WDjjZO7GmvsyFFf81MXuGTA/d6oP38anyxWOL6EREyBKAxKoFHwBhaZxCfLRLpO8JgVXwqOwSwa7jRcjew==",
            "dev": true
        },
        "@types/qs": {
            "version": "6.9.7",
            "resolved": "https://registry.npmjs.org/@types/qs/-/qs-6.9.7.tgz",
            "integrity": "sha512-FGa1F62FT09qcrueBA6qYTrJPVDzah9a+493+o2PCXsesWHIn27G98TsSMs3WPNbZIEj4+VJf6saSFpvD+3Zsw==",
            "dev": true
        },
        "@types/range-parser": {
            "version": "1.2.4",
            "resolved": "https://registry.npmjs.org/@types/range-parser/-/range-parser-1.2.4.tgz",
            "integrity": "sha512-EEhsLsD6UsDM1yFhAvy0Cjr6VwmpMWqFBCb9w07wVugF7w9nfajxLuVmngTIpgS6svCnm6Vaw+MZhoDCKnOfsw==",
            "dev": true
        },
        "@types/serve-static": {
            "version": "1.15.1",
            "resolved": "https://registry.npmjs.org/@types/serve-static/-/serve-static-1.15.1.tgz",
            "integrity": "sha512-NUo5XNiAdULrJENtJXZZ3fHtfMolzZwczzBbnAeBbqBwG+LaG6YaJtuwzwGSQZ2wsCrxjEhNNjAkKigy3n8teQ==",
            "dev": true,
            "requires": {
                "@types/mime": "*",
                "@types/node": "*"
            }
        },
        "data-uri-to-buffer": {
            "version": "4.0.1",
            "resolved": "https://registry.npmjs.org/data-uri-to-buffer/-/data-uri-to-buffer-4.0.1.tgz",
            "integrity": "sha512-0R9ikRb668HB7QDxT1vkpuUBtqc53YyAwMwGeUFKRojY/NWKvdZ+9UYtRfGmhqNbRkTSVpMbmyhXipFFv2cb/A==",
            "dev": true
        },
        "esbuild": {
            "version": "0.17.12",
            "resolved": "https://registry.npmjs.org/esbuild/-/esbuild-0.17.12.tgz",
            "integrity": "sha512-bX/zHl7Gn2CpQwcMtRogTTBf9l1nl+H6R8nUbjk+RuKqAE3+8FDulLA+pHvX7aA7Xe07Iwa+CWvy9I8Y2qqPKQ==",
            "dev": true,
            "requires": {
                "@esbuild/android-arm": "0.17.12",
                "@esbuild/android-arm64": "0.17.12",
                "@esbuild/android-x64": "0.17.12",
                "@esbuild/darwin-arm64": "0.17.12",
                "@esbuild/darwin-x64": "0.17.12",
                "@esbuild/freebsd-arm64": "0.17.12",
                "@esbuild/freebsd-x64": "0.17.12",
                "@esbuild/linux-arm": "0.17.12",
                "@esbuild/linux-arm64": "0.17.12",
                "@esbuild/linux-ia32": "0.17.12",
                "@esbuild/linux-loong64": "0.17.12",
                "@esbuild/linux-mips64el": "0.17.12",
                "@esbuild/linux-ppc64": "0.17.12",
                "@esbuild/linux-riscv64": "0.17.12",
                "@esbuild/linux-s390x": "0.17.12",
                "@esbuild/linux-x64": "0.17.12",
                "@esbuild/netbsd-x64": "0.17.12",
                "@esbuild/openbsd-x64": "0.17.12",
                "@esbuild/sunos-x64": "0.17.12",
                "@esbuild/win32-arm64": "0.17.12",
                "@esbuild/win32-ia32": "0.17.12",
                "@esbuild/win32-x64": "0.17.12"
            }
        },
        "fetch-blob": {
            "version": "3.2.0",
            "resolved": "https://registry.npmjs.org/fetch-blob/-/fetch-blob-3.2.0.tgz",
            "integrity": "sha512-7yAQpD2UMJzLi1Dqv7qFYnPbaPx7ZfFK6PiIxQ4PfkGPyNyl2Ugx+a/umUonmKqjhM4DnfbMvdX6otXq83soQQ==",
            "dev": true,
            "requires": {
                "node-domexception": "^1.0.0",
                "web-streams-polyfill": "^3.0.3"
            }
        },
        "formdata-polyfill": {
            "version": "4.0.10",
            "resolved": "https://registry.npmjs.org/formdata-polyfill/-/formdata-polyfill-4.0.10.tgz",
            "integrity": "sha512-buewHzMvYL29jdeQTVILecSaZKnt/RJWjoZCF5OW60Z67/GmSLBkOFM7qh1PI3zFNtJbaZL5eQu1vLfazOwj4g==",
            "dev": true,
            "requires": {
                "fetch-blob": "^3.1.2"
            }
        },
        "http-status-codes": {
            "version": "2.2.0",
            "resolved": "https://registry.npmjs.org/http-status-codes/-/http-status-codes-2.2.0.tgz",
            "integrity": "sha512-feERVo9iWxvnejp3SEfm/+oNG517npqL2/PIA8ORjyOZjGC7TwCRQsZylciLS64i6pJ0wRYz3rkXLRwbtFa8Ng==",
            "dev": true
        },
        "jose": {
            "version": "4.13.1",
            "resolved": "https://registry.npmjs.org/jose/-/jose-4.13.1.tgz",
            "integrity": "sha512-MSJQC5vXco5Br38mzaQKiq9mwt7lwj2eXpgpRyQYNHYt2lq1PjkWa7DLXX0WVcQLE9HhMh3jPiufS7fhJf+CLQ==",
            "dev": true
        },
        "node-domexception": {
            "version": "1.0.0",
            "resolved": "https://registry.npmjs.org/node-domexception/-/node-domexception-1.0.0.tgz",
            "integrity": "sha512-/jKZoMpw0F8GRwl4/eLROPA3cfcXtLApP0QzLmUT/HuPCZWyB7IY9ZrMeKw2O/nFIqPQB3PVM9aYm0F312AXDQ==",
            "dev": true
        },
        "node-fetch": {
            "version": "3.3.1",
            "resolved": "https://registry.npmjs.org/node-fetch/-/node-fetch-3.3.1.tgz",
            "integrity": "sha512-cRVc/kyto/7E5shrWca1Wsea4y6tL9iYJE5FBCius3JQfb/4P4I295PfhgbJQBLTx6lATE4z+wK0rPM4VS2uow==",
            "dev": true,
            "requires": {
                "data-uri-to-buffer": "^4.0.0",
                "fetch-blob": "^3.1.4",
                "formdata-polyfill": "^4.0.10"
            }
        },
        "web-streams-polyfill": {
            "version": "3.2.1",
            "resolved": "https://registry.npmjs.org/web-streams-polyfill/-/web-streams-polyfill-3.2.1.tgz",
            "integrity": "sha512-e0MO3wdXWKrLbL0DgGnUV7WHVuw9OUvL4hjgnPkIeEvESk74gAITi5G606JtZPp39cd8HA9VQzCIvA49LpPN5Q==",
            "dev": true
        }
    }
}
